
Microsoft Visual Studio Solution File, Format Version 12.00
# Visual Studio Version 17
VisualStudioVersion = 17.5.002.0
MinimumVisualStudioVersion = 10.0.40219.1
Project("{9A19103F-16F7-4668-BE54-9A1E7A4F7556}") = "asbuild", "asbuild.csproj", "{CC3E86FE-5A9F-48AB-8982-62346E9A9254}"
EndProject
Global
	GlobalSection(SolutionConfigurationPlatforms) = preSolution
		Debug|Any CPU = Debug|Any CPU
		Release|Any CPU = Release|Any CPU
	EndGlobalSection
	GlobalSection(ProjectConfigurationPlatforms) = postSolution
		{CC3E86FE-5A9F-48AB-8982-62346E9A9254}.Debug|Any CPU.ActiveCfg = Debug|Any CPU
		{CC3E86FE-5A9F-48AB-8982-62346E9A9254}.Debug|Any CPU.Build.0 = Debug|Any CPU
		{CC3E86FE-5A9F-48AB-8982-62346E9A9254}.Release|Any CPU.ActiveCfg = Release|Any CPU
		{CC3E86FE-5A9F-48AB-8982-62346E9A9254}.Release|Any CPU.Build.0 = Release|Any CPU
	EndGlobalSection
	GlobalSection(SolutionProperties) = preSolution
		HideSolutionNode = FALSE
	EndGlobalSection
	GlobalSection(ExtensibilityGlobals) = postSolution
		SolutionGuid = {6C214D5E-DE72-4C42-B5C8-E14DC154F9F3}
	EndGlobalSection
EndGlobal
